
Microsoft Visual Studio Solution File, Format Version 12.00
# Visual Studio Version 16
VisualStudioVersion = 16.0.29209.62
MinimumVisualStudioVersion = 10.0.40219.1
Project("{FAE04EC0-301F-11D3-BF4B-00C04F79EFBC}") = "sonicheroes.utils.freecam", "sonicheroes.utils.freecam\sonicheroes.utils.freecam.csproj", "{6BD64141-0171-4A7D-8832-CBE51E83B026}"
EndProject
Project("{2150E333-8FDC-42A3-9474-1A3956D46DE8}") = "Submodules", "Submodules", "{985F4E37-D153-4495-B0F2-D26EA80EFE2D}"
EndProject
Project("{9A19103F-16F7-4668-BE54-9A1E7A4F7556}") = "Heroes.Controller.Hook.Interfaces", "Submodules\Heroes.Controller.Hook.ReloadedII\Heroes.Controller.Hook.Interfaces\Heroes.Controller.Hook.Interfaces.csproj", "{860FD8AA-12BD-4301-95F1-3A5503FE587A}"
EndProject
Global
	GlobalSection(SolutionConfigurationPlatforms) = preSolution
		Debug|Any CPU = Debug|Any CPU
		Release|Any CPU = Release|Any CPU
	EndGlobalSection
	GlobalSection(ProjectConfigurationPlatforms) = postSolution
		{6BD64141-0171-4A7D-8832-CBE51E83B026}.Debug|Any CPU.ActiveCfg = Debug|Any CPU
		{6BD64141-0171-4A7D-8832-CBE51E83B026}.Debug|Any CPU.Build.0 = Debug|Any CPU
		{6BD64141-0171-4A7D-8832-CBE51E83B026}.Release|Any CPU.ActiveCfg = Release|Any CPU
		{6BD64141-0171-4A7D-8832-CBE51E83B026}.Release|Any CPU.Build.0 = Release|Any CPU
		{860FD8AA-12BD-4301-95F1-3A5503FE587A}.Debug|Any CPU.ActiveCfg = Debug|Any CPU
		{860FD8AA-12BD-4301-95F1-3A5503FE587A}.Debug|Any CPU.Build.0 = Debug|Any CPU
		{860FD8AA-12BD-4301-95F1-3A5503FE587A}.Release|Any CPU.ActiveCfg = Release|Any CPU
		{860FD8AA-12BD-4301-95F1-3A5503FE587A}.Release|Any CPU.Build.0 = Release|Any CPU
	EndGlobalSection
	GlobalSection(SolutionProperties) = preSolution
		HideSolutionNode = FALSE
	EndGlobalSection
	GlobalSection(NestedProjects) = preSolution
		{860FD8AA-12BD-4301-95F1-3A5503FE587A} = {985F4E37-D153-4495-B0F2-D26EA80EFE2D}
	EndGlobalSection
	GlobalSection(ExtensibilityGlobals) = postSolution
		SolutionGuid = {418E8D26-B96A-438E-9973-DF32C4E78582}
	EndGlobalSection
EndGlobal
